
Microsoft Visual Studio Solution File, Format Version 12.00
# Visual Studio Version 17
VisualStudioVersion = 17.4.33110.190
MinimumVisualStudioVersion = 10.0.40219.1
Project("{FAE04EC0-301F-11D3-BF4B-00C04F79EFBC}") = "HOL2", "HOL2\HOL2.csproj", "{2B8DFFA6-0121-4ABD-A8CF-22A7CE7F07BB}"
EndProject
Global
	GlobalSection(SolutionConfigurationPlatforms) = preSolution
		Debug|Any CPU = Debug|Any CPU
		Release|Any CPU = Release|Any CPU
	EndGlobalSection
	GlobalSection(ProjectConfigurationPlatforms) = postSolution
		{2B8DFFA6-0121-4ABD-A8CF-22A7CE7F07BB}.Debug|Any CPU.ActiveCfg = Debug|Any CPU
		{2B8DFFA6-0121-4ABD-A8CF-22A7CE7F07BB}.Debug|Any CPU.Build.0 = Debug|Any CPU
		{2B8DFFA6-0121-4ABD-A8CF-22A7CE7F07BB}.Release|Any CPU.ActiveCfg = Release|Any CPU
		{2B8DFFA6-0121-4ABD-A8CF-22A7CE7F07BB}.Release|Any CPU.Build.0 = Release|Any CPU
	EndGlobalSection
	GlobalSection(SolutionProperties) = preSolution
		HideSolutionNode = FALSE
	EndGlobalSection
	GlobalSection(ExtensibilityGlobals) = postSolution
		SolutionGuid = {02733190-32DF-4B75-9125-48B79B2DD978}
	EndGlobalSection
EndGlobal
